<Solution>
  <Folder Name="/src/">
    <Project Path="API/API.csproj" />
    <Project Path="Application/Application.csproj" />
    <Project Path="Domain/Domain.csproj" />
    <Project Path="Infrastructure/Infrastructure.csproj" />
  </Folder>
  <Folder Name="/tests/">
    <Project Path="UnitTests/UnitTests.csproj" />
  </Folder>
</Solution>
